{
    "name": "youssef-land-scratch-extension",
    "version": "1.0.0",
    "lockfileVersion": 2,
    "requires": true,
    "packages": {
        "": {
            "name": "youssef-land-scratch-extension",
            "version": "1.0.0",
            "dependencies": {
                "@turbowarp/extensions": "github:TurboWarp/extensions",
                "@turbowarp/types": "github:TurboWarp/types"
            }
        },
        "node_modules/@turbowarp/extensions": {
            "version": "0.0.1",
            "resolved": "git+ssh://git@github.com/TurboWarp/extensions.git#1a438eb15d18fdcf01fd8f1e086bd4e8bf2c7ba0",
            "license": "MIT",
            "dependencies": {
                "@turbowarp/types": "0.0.4"
            }
        },
        "node_modules/@turbowarp/types": {
            "version": "0.0.4",
            "resolved": "git+ssh://git@github.com/TurboWarp/types.git#1ec4835938aa47e52ec7715fcb5c91b790e5b327",
            "license": "Apache-2.0"
        }
    },
    "dependencies": {
        "@turbowarp/extensions": {
            "version": "git+ssh://git@github.com/TurboWarp/extensions.git#1a438eb15d18fdcf01fd8f1e086bd4e8bf2c7ba0",
            "from": "@turbowarp/extensions@github:TurboWarp/extensions",
            "requires": {
                "@turbowarp/types": "0.0.4"
            }
        },
        "@turbowarp/types": {
            "version": "git+ssh://git@github.com/TurboWarp/types.git#1ec4835938aa47e52ec7715fcb5c91b790e5b327",
            "from": "@turbowarp/types@https://github.com/TurboWarp/types.git"
        }
    }
}
