{
    "name": "youssef-land-scratch-extension",
    "version": "1.0.0",
    "lockfileVersion": 2,
    "requires": true,
    "packages": {
        "": {
            "name": "youssef-land-scratch-extension",
            "version": "1.0.0",
            "dependencies": {
                "@turbowarp/extensions": "github:TurboWarp/extensions"
            }
        },
        "node_modules/@turbowarp/extensions": {
            "version": "0.0.1",
            "resolved": "git+ssh://git@github.com/TurboWarp/extensions.git#1a438eb15d18fdcf01fd8f1e086bd4e8bf2c7ba0",
            "license": "MIT",
            "dependencies": {
                "@turbowarp/types": "0.0.4"
            }
        },
        "node_modules/@turbowarp/types": {
            "version": "0.0.4",
            "resolved": "https://registry.npmjs.org/@turbowarp/types/-/types-0.0.4.tgz",
            "integrity": "sha512-YrXxMq4DG3YR8LLx9Nzn0dGiLpHlpZ02LusR0xCJgltv6GUyNg2xqmBhWkzNwgn8dqj+18xSIZ3lUs3ANTauwA=="
        }
    },
    "dependencies": {
        "@turbowarp/extensions": {
            "version": "git+ssh://git@github.com/TurboWarp/extensions.git#1a438eb15d18fdcf01fd8f1e086bd4e8bf2c7ba0",
            "from": "@turbowarp/extensions@https://github.com/TurboWarp/extensions.git",
            "requires": {
                "@turbowarp/types": "0.0.4"
            }
        },
        "@turbowarp/types": {
            "version": "0.0.4",
            "resolved": "https://registry.npmjs.org/@turbowarp/types/-/types-0.0.4.tgz",
            "integrity": "sha512-YrXxMq4DG3YR8LLx9Nzn0dGiLpHlpZ02LusR0xCJgltv6GUyNg2xqmBhWkzNwgn8dqj+18xSIZ3lUs3ANTauwA=="
        }
    }
}
